
Microsoft Visual Studio Solution File, Format Version 12.00
# Visual Studio Version 16
VisualStudioVersion = 16.0.29806.167
MinimumVisualStudioVersion = 10.0.40219.1
Project("{FAE04EC0-301F-11D3-BF4B-00C04F79EFBC}") = "LocalizationNetCoreMvc", "LocalizationNetCoreMvc\LocalizationNetCoreMvc.csproj", "{5B57126D-FD29-4600-A404-9A69C5AFE6FE}"
EndProject
Global
	GlobalSection(SolutionConfigurationPlatforms) = preSolution
		Debug|Any CPU = Debug|Any CPU
		Release|Any CPU = Release|Any CPU
	EndGlobalSection
	GlobalSection(ProjectConfigurationPlatforms) = postSolution
		{5B57126D-FD29-4600-A404-9A69C5AFE6FE}.Debug|Any CPU.ActiveCfg = Debug|Any CPU
		{5B57126D-FD29-4600-A404-9A69C5AFE6FE}.Debug|Any CPU.Build.0 = Debug|Any CPU
		{5B57126D-FD29-4600-A404-9A69C5AFE6FE}.Release|Any CPU.ActiveCfg = Release|Any CPU
		{5B57126D-FD29-4600-A404-9A69C5AFE6FE}.Release|Any CPU.Build.0 = Release|Any CPU
	EndGlobalSection
	GlobalSection(SolutionProperties) = preSolution
		HideSolutionNode = FALSE
	EndGlobalSection
	GlobalSection(ExtensibilityGlobals) = postSolution
		SolutionGuid = {FB24F273-E259-46B3-85E6-2FEE6BD85F9E}
	EndGlobalSection
EndGlobal
